
Microsoft Visual Studio Solution File, Format Version 12.00
Project("{FAE04EC0-301F-11D3-BF4B-00C04F79EFBC}") = "ApocalypseSnow", "ApocalypseSnow\ApocalypseSnow.csproj", "{A2F10C18-F809-4F88-9744-F1BD8E0470BA}"
EndProject
Global
	GlobalSection(SolutionConfigurationPlatforms) = preSolution
		Debug|Any CPU = Debug|Any CPU
		Release|Any CPU = Release|Any CPU
	EndGlobalSection
	GlobalSection(ProjectConfigurationPlatforms) = postSolution
		{A2F10C18-F809-4F88-9744-F1BD8E0470BA}.Release|Any CPU.ActiveCfg = Release|Any CPU
		{A2F10C18-F809-4F88-9744-F1BD8E0470BA}.Release|Any CPU.Build.0 = Release|Any CPU
		{A2F10C18-F809-4F88-9744-F1BD8E0470BA}.Debug|Any CPU.ActiveCfg = Debug|Any CPU
		{A2F10C18-F809-4F88-9744-F1BD8E0470BA}.Debug|Any CPU.Build.0 = Debug|Any CPU
	EndGlobalSection
EndGlobal
